{
  "name": "farmer-app - Copy",
  "lockfileVersion": 3,
  "requires": true,
  "packages": {
    "": {
      "dependencies": {
        "india-state-district": "^1.0.4"
      }
    },
    "node_modules/india-state-district": {
      "version": "1.0.4",
      "resolved": "https://registry.npmjs.org/india-state-district/-/india-state-district-1.0.4.tgz",
      "integrity": "sha512-nLYBzNnbaUe2opQEX1Y0cpbar5C6FPeg/BatqZXKTOQiyWf7yzwc5i+BkJNkMR4I9X6Ws4Wf6ahLia2dXSjQrw==",
      "license": "MIT",
      "engines": {
        "node": ">=14.0.0"
      }
    }
  }
}
